# THIS IS AN AUTOGENERATED FILE. DO NOT EDIT THIS FILE DIRECTLY.
# yarn lockfile v1


toastify-js@^1.11.2:
  version "1.11.2"
  resolved "https://registry.yarnpkg.com/toastify-js/-/toastify-js-1.11.2.tgz#5c66cb05cee30b09e5bd8961ab809e41a3ce716c"
  integrity sha512-bMBNKhZLPX/sDhpwM7KHIRUTtqCylQeoZDiEWy5zE7iDUJ92XmP8AKgDAp9rXx6pR5GXGFtQHHoH62toahbHgQ==

unorm@^1.6.0:
  version "1.6.0"
  resolved "https://registry.yarnpkg.com/unorm/-/unorm-1.6.0.tgz#029b289661fba714f1a9af439eb51d9b16c205af"
  integrity sha512-b2/KCUlYZUeA7JFUuRJZPUtr4gZvBh7tavtv4fvk4+KV9pfGiR6CQAQAWl49ZpR3ts2dk4FYkP7EIgDJoiOLDA==
